// !$*UTF8*$!
{
	archiveVersion = 1;
	classes = {
	};
	objectVersion = 46;
	objects = {

/* Begin PBXBuildFile section */
		34692283F9D0768801DE4EAE /* Pods_InstantChat.framework in Frameworks */ = {isa = PBXBuildFile; fileRef = AE68B588AEA945D9E3FFD5FB /* Pods_InstantChat.framework */; };
		54199F4B1F3B02A6003EE021 /* LoginController.swift in Sources */ = {isa = PBXBuildFile; fileRef = 54199F4A1F3B02A6003EE021 /* LoginController.swift */; };
		54199F4D1F3B38C7003EE021 /* GoogleService-Info.plist in Resources */ = {isa = PBXBuildFile; fileRef = 54199F4C1F3B38C7003EE021 /* GoogleService-Info.plist */; };
		544BC51F1F3AAB040030E4D1 /* AppDelegate.swift in Sources */ = {isa = PBXBuildFile; fileRef = 544BC51E1F3AAB040030E4D1 /* AppDelegate.swift */; };
		544BC5211F3AAB040030E4D1 /* MessagesController.swift in Sources */ = {isa = PBXBuildFile; fileRef = 544BC5201F3AAB040030E4D1 /* MessagesController.swift */; };
		544BC5241F3AAB040030E4D1 /* Main.storyboard in Resources */ = {isa = PBXBuildFile; fileRef = 544BC5221F3AAB040030E4D1 /* Main.storyboard */; };
		544BC5261F3AAB040030E4D1 /* Assets.xcassets in Resources */ = {isa = PBXBuildFile; fileRef = 544BC5251F3AAB040030E4D1 /* Assets.xcassets */; };
		544BC5291F3AAB040030E4D1 /* LaunchScreen.storyboard in Resources */ = {isa = PBXBuildFile; fileRef = 544BC5271F3AAB040030E4D1 /* LaunchScreen.storyboard */; };
		547453DC1F48388200C3365E /* UserCell.swift in Sources */ = {isa = PBXBuildFile; fileRef = 547453DB1F48388200C3365E /* UserCell.swift */; };
		547AF5361F3C4CD10080A419 /* User.swift in Sources */ = {isa = PBXBuildFile; fileRef = 547AF5351F3C4CD10080A419 /* User.swift */; };
		547AF5381F3C97730080A419 /* LoginController+handlers.swift in Sources */ = {isa = PBXBuildFile; fileRef = 547AF5371F3C97730080A419 /* LoginController+handlers.swift */; };
		54B83EEA1F3C458500E05BB2 /* NewMessageController.swift in Sources */ = {isa = PBXBuildFile; fileRef = 54B83EE91F3C458500E05BB2 /* NewMessageController.swift */; };
		54CB7AD61F52AD77003F6545 /* ChatMessageCell.swift in Sources */ = {isa = PBXBuildFile; fileRef = 54CB7AD51F52AD77003F6545 /* ChatMessageCell.swift */; };
		54EAF8CB1F3D9D8500C1AB99 /* Extension.swift in Sources */ = {isa = PBXBuildFile; fileRef = 54EAF8CA1F3D9D8500C1AB99 /* Extension.swift */; };
		54EAF8CD1F412BE100C1AB99 /* ChatLogController.swift in Sources */ = {isa = PBXBuildFile; fileRef = 54EAF8CC1F412BE100C1AB99 /* ChatLogController.swift */; };
		54EAF8CF1F43339C00C1AB99 /* Message.swift in Sources */ = {isa = PBXBuildFile; fileRef = 54EAF8CE1F43339C00C1AB99 /* Message.swift */; };
		8C7A47491F7E07FF0017025F /* ChatInputContainerView.swift in Sources */ = {isa = PBXBuildFile; fileRef = 8C7A47481F7E07FF0017025F /* ChatInputContainerView.swift */; };
/* End PBXBuildFile section */

/* Begin PBXFileReference section */
		005B8A18945E7E670C75A308 /* Pods-InstantChat.release.xcconfig */ = {isa = PBXFileReference; includeInIndex = 1; lastKnownFileType = text.xcconfig; name = "Pods-InstantChat.release.xcconfig"; path = "Pods/Target Support Files/Pods-InstantChat/Pods-InstantChat.release.xcconfig"; sourceTree = "<group>"; };
		54199F4A1F3B02A6003EE021 /* LoginController.swift */ = {isa = PBXFileReference; fileEncoding = 4; lastKnownFileType = sourcecode.swift; path = LoginController.swift; sourceTree = "<group>"; };
		54199F4C1F3B38C7003EE021 /* GoogleService-Info.plist */ = {isa = PBXFileReference; fileEncoding = 4; lastKnownFileType = text.plist.xml; path = "GoogleService-Info.plist"; sourceTree = "<group>"; };
		544BC51B1F3AAB040030E4D1 /* InstantChat.app */ = {isa = PBXFileReference; explicitFileType = wrapper.application; includeInIndex = 0; path = InstantChat.app; sourceTree = BUILT_PRODUCTS_DIR; };
		544BC51E1F3AAB040030E4D1 /* AppDelegate.swift */ = {isa = PBXFileReference; lastKnownFileType = sourcecode.swift; path = AppDelegate.swift; sourceTree = "<group>"; };
		544BC5201F3AAB040030E4D1 /* MessagesController.swift */ = {isa = PBXFileReference; lastKnownFileType = sourcecode.swift; path = MessagesController.swift; sourceTree = "<group>"; };
		544BC5231F3AAB040030E4D1 /* Base */ = {isa = PBXFileReference; lastKnownFileType = file.storyboard; name = Base; path = Base.lproj/Main.storyboard; sourceTree = "<group>"; };
		544BC5251F3AAB040030E4D1 /* Assets.xcassets */ = {isa = PBXFileReference; lastKnownFileType = folder.assetcatalog; path = Assets.xcassets; sourceTree = "<group>"; };
		544BC5281F3AAB040030E4D1 /* Base */ = {isa = PBXFileReference; lastKnownFileType = file.storyboard; name = Base; path = Base.lproj/LaunchScreen.storyboard; sourceTree = "<group>"; };
		544BC52A1F3AAB040030E4D1 /* Info.plist */ = {isa = PBXFileReference; lastKnownFileType = text.plist.xml; path = Info.plist; sourceTree = "<group>"; };
		547453DB1F48388200C3365E /* UserCell.swift */ = {isa = PBXFileReference; fileEncoding = 4; lastKnownFileType = sourcecode.swift; path = UserCell.swift; sourceTree = "<group>"; };
		547AF5351F3C4CD10080A419 /* User.swift */ = {isa = PBXFileReference; fileEncoding = 4; lastKnownFileType = sourcecode.swift; path = User.swift; sourceTree = "<group>"; };
		547AF5371F3C97730080A419 /* LoginController+handlers.swift */ = {isa = PBXFileReference; fileEncoding = 4; lastKnownFileType = sourcecode.swift; path = "LoginController+handlers.swift"; sourceTree = "<group>"; };
		54B83EE91F3C458500E05BB2 /* NewMessageController.swift */ = {isa = PBXFileReference; fileEncoding = 4; lastKnownFileType = sourcecode.swift; path = NewMessageController.swift; sourceTree = "<group>"; };
		54CB7AD51F52AD77003F6545 /* ChatMessageCell.swift */ = {isa = PBXFileReference; fileEncoding = 4; lastKnownFileType = sourcecode.swift; path = ChatMessageCell.swift; sourceTree = "<group>"; };
		54EAF8CA1F3D9D8500C1AB99 /* Extension.swift */ = {isa = PBXFileReference; fileEncoding = 4; lastKnownFileType = sourcecode.swift; path = Extension.swift; sourceTree = "<group>"; };
		54EAF8CC1F412BE100C1AB99 /* ChatLogController.swift */ = {isa = PBXFileReference; fileEncoding = 4; lastKnownFileType = sourcecode.swift; path = ChatLogController.swift; sourceTree = "<group>"; };
		54EAF8CE1F43339C00C1AB99 /* Message.swift */ = {isa = PBXFileReference; fileEncoding = 4; lastKnownFileType = sourcecode.swift; path = Message.swift; sourceTree = "<group>"; };
		5FCD90E14DFC2C69B53771E1 /* Pods-InstantChat.debug.xcconfig */ = {isa = PBXFileReference; includeInIndex = 1; lastKnownFileType = text.xcconfig; name = "Pods-InstantChat.debug.xcconfig"; path = "Pods/Target Support Files/Pods-InstantChat/Pods-InstantChat.debug.xcconfig"; sourceTree = "<group>"; };
		8C7A47481F7E07FF0017025F /* ChatInputContainerView.swift */ = {isa = PBXFileReference; lastKnownFileType = sourcecode.swift; path = ChatInputContainerView.swift; sourceTree = "<group>"; };
		AE68B588AEA945D9E3FFD5FB /* Pods_InstantChat.framework */ = {isa = PBXFileReference; explicitFileType = wrapper.framework; includeInIndex = 0; path = Pods_InstantChat.framework; sourceTree = BUILT_PRODUCTS_DIR; };
/* End PBXFileReference section */

/* Begin PBXFrameworksBuildPhase section */
		544BC5181F3AAB040030E4D1 /* Frameworks */ = {
			isa = PBXFrameworksBuildPhase;
			buildActionMask = 2147483647;
			files = (
				34692283F9D0768801DE4EAE /* Pods_InstantChat.framework in Frameworks */,
			);
			runOnlyForDeploymentPostprocessing = 0;
		};
/* End PBXFrameworksBuildPhase section */

/* Begin PBXGroup section */
		54199F491F3B027E003EE021 /* Controller */ = {
			isa = PBXGroup;
			children = (
				54199F4A1F3B02A6003EE021 /* LoginController.swift */,
				544BC5201F3AAB040030E4D1 /* MessagesController.swift */,
				54B83EE91F3C458500E05BB2 /* NewMessageController.swift */,
				547AF5371F3C97730080A419 /* LoginController+handlers.swift */,
				54EAF8CC1F412BE100C1AB99 /* ChatLogController.swift */,
			);
			name = Controller;
			sourceTree = "<group>";
		};
		544BC5121F3AAB040030E4D1 = {
			isa = PBXGroup;
			children = (
				544BC51D1F3AAB040030E4D1 /* InstantChat */,
				544BC51C1F3AAB040030E4D1 /* Products */,
				7C49328BDF8BAE6D280EA7AD /* Pods */,
				D642A9212D99D5D81B16E950 /* Frameworks */,
			);
			sourceTree = "<group>";
		};
		544BC51C1F3AAB040030E4D1 /* Products */ = {
			isa = PBXGroup;
			children = (
				544BC51B1F3AAB040030E4D1 /* InstantChat.app */,
			);
			name = Products;
			sourceTree = "<group>";
		};
		544BC51D1F3AAB040030E4D1 /* InstantChat */ = {
			isa = PBXGroup;
			children = (
				547453DA1F48385D00C3365E /* View */,
				54EAF8C91F3D9D6C00C1AB99 /* Helper */,
				547AF5341F3C4CAE0080A419 /* Model */,
				54199F491F3B027E003EE021 /* Controller */,
				544BC5301F3AB0780030E4D1 /* Supporting File */,
				544BC5221F3AAB040030E4D1 /* Main.storyboard */,
			);
			path = InstantChat;
			sourceTree = "<group>";
		};
		544BC5301F3AB0780030E4D1 /* Supporting File */ = {
			isa = PBXGroup;
			children = (
				544BC51E1F3AAB040030E4D1 /* AppDelegate.swift */,
				544BC5251F3AAB040030E4D1 /* Assets.xcassets */,
				544BC5271F3AAB040030E4D1 /* LaunchScreen.storyboard */,
				544BC52A1F3AAB040030E4D1 /* Info.plist */,
				54199F4C1F3B38C7003EE021 /* GoogleService-Info.plist */,
			);
			name = "Supporting File";
			sourceTree = "<group>";
		};
		547453DA1F48385D00C3365E /* View */ = {
			isa = PBXGroup;
			children = (
				547453DB1F48388200C3365E /* UserCell.swift */,
				54CB7AD51F52AD77003F6545 /* ChatMessageCell.swift */,
				8C7A47481F7E07FF0017025F /* ChatInputContainerView.swift */,
			);
			name = View;
			sourceTree = "<group>";
		};
		547AF5341F3C4CAE0080A419 /* Model */ = {
			isa = PBXGroup;
			children = (
				547AF5351F3C4CD10080A419 /* User.swift */,
				54EAF8CE1F43339C00C1AB99 /* Message.swift */,
			);
			name = Model;
			sourceTree = "<group>";
		};
		54EAF8C91F3D9D6C00C1AB99 /* Helper */ = {
			isa = PBXGroup;
			children = (
				54EAF8CA1F3D9D8500C1AB99 /* Extension.swift */,
			);
			name = Helper;
			sourceTree = "<group>";
		};
		7C49328BDF8BAE6D280EA7AD /* Pods */ = {
			isa = PBXGroup;
			children = (
				5FCD90E14DFC2C69B53771E1 /* Pods-InstantChat.debug.xcconfig */,
				005B8A18945E7E670C75A308 /* Pods-InstantChat.release.xcconfig */,
			);
			name = Pods;
			sourceTree = "<group>";
		};
		D642A9212D99D5D81B16E950 /* Frameworks */ = {
			isa = PBXGroup;
			children = (
				AE68B588AEA945D9E3FFD5FB /* Pods_InstantChat.framework */,
			);
			name = Frameworks;
			sourceTree = "<group>";
		};
/* End PBXGroup section */

/* Begin PBXNativeTarget section */
		544BC51A1F3AAB040030E4D1 /* InstantChat */ = {
			isa = PBXNativeTarget;
			buildConfigurationList = 544BC52D1F3AAB040030E4D1 /* Build configuration list for PBXNativeTarget "InstantChat" */;
			buildPhases = (
				E0341551E0FDF35F9A80304F /* [CP] Check Pods Manifest.lock */,
				544BC5171F3AAB040030E4D1 /* Sources */,
				544BC5181F3AAB040030E4D1 /* Frameworks */,
				544BC5191F3AAB040030E4D1 /* Resources */,
				7C456F5E2812B00FCF2E91C0 /* [CP] Embed Pods Frameworks */,
				C535E9E6BCBB2C64794DAC65 /* [CP] Copy Pods Resources */,
			);
			buildRules = (
			);
			dependencies = (
			);
			name = InstantChat;
			productName = InstantChat;
			productReference = 544BC51B1F3AAB040030E4D1 /* InstantChat.app */;
			productType = "com.apple.product-type.application";
		};
/* End PBXNativeTarget section */

/* Begin PBXProject section */
		544BC5131F3AAB040030E4D1 /* Project object */ = {
			isa = PBXProject;
			attributes = {
				LastSwiftUpdateCheck = 0830;
				LastUpgradeCheck = 0830;
				ORGANIZATIONNAME = "SUN YU";
				TargetAttributes = {
					544BC51A1F3AAB040030E4D1 = {
						CreatedOnToolsVersion = 8.3.3;
						DevelopmentTeam = 88JGBRLZ4C;
						ProvisioningStyle = Automatic;
					};
				};
			};
			buildConfigurationList = 544BC5161F3AAB040030E4D1 /* Build configuration list for PBXProject "InstantChat" */;
			compatibilityVersion = "Xcode 3.2";
			developmentRegion = English;
			hasScannedForEncodings = 0;
			knownRegions = (
				en,
				Base,
			);
			mainGroup = 544BC5121F3AAB040030E4D1;
			productRefGroup = 544BC51C1F3AAB040030E4D1 /* Products */;
			projectDirPath = "";
			projectRoot = "";
			targets = (
				544BC51A1F3AAB040030E4D1 /* InstantChat */,
			);
		};
/* End PBXProject section */

/* Begin PBXResourcesBuildPhase section */
		544BC5191F3AAB040030E4D1 /* Resources */ = {
			isa = PBXResourcesBuildPhase;
			buildActionMask = 2147483647;
			files = (
				544BC5291F3AAB040030E4D1 /* LaunchScreen.storyboard in Resources */,
				54199F4D1F3B38C7003EE021 /* GoogleService-Info.plist in Resources */,
				544BC5261F3AAB040030E4D1 /* Assets.xcassets in Resources */,
				544BC5241F3AAB040030E4D1 /* Main.storyboard in Resources */,
			);
			runOnlyForDeploymentPostprocessing = 0;
		};
/* End PBXResourcesBuildPhase section */

/* Begin PBXShellScriptBuildPhase section */
		7C456F5E2812B00FCF2E91C0 /* [CP] Embed Pods Frameworks */ = {
			isa = PBXShellScriptBuildPhase;
			buildActionMask = 2147483647;
			files = (
			);
			inputPaths = (
			);
			name = "[CP] Embed Pods Frameworks";
			outputPaths = (
			);
			runOnlyForDeploymentPostprocessing = 0;
			shellPath = /bin/sh;
			shellScript = "\"${SRCROOT}/Pods/Target Support Files/Pods-InstantChat/Pods-InstantChat-frameworks.sh\"\n";
			showEnvVarsInLog = 0;
		};
		C535E9E6BCBB2C64794DAC65 /* [CP] Copy Pods Resources */ = {
			isa = PBXShellScriptBuildPhase;
			buildActionMask = 2147483647;
			files = (
			);
			inputPaths = (
			);
			name = "[CP] Copy Pods Resources";
			outputPaths = (
			);
			runOnlyForDeploymentPostprocessing = 0;
			shellPath = /bin/sh;
			shellScript = "\"${SRCROOT}/Pods/Target Support Files/Pods-InstantChat/Pods-InstantChat-resources.sh\"\n";
			showEnvVarsInLog = 0;
		};
		E0341551E0FDF35F9A80304F /* [CP] Check Pods Manifest.lock */ = {
			isa = PBXShellScriptBuildPhase;
			buildActionMask = 2147483647;
			files = (
			);
			inputPaths = (
			);
			name = "[CP] Check Pods Manifest.lock";
			outputPaths = (
			);
			runOnlyForDeploymentPostprocessing = 0;
			shellPath = /bin/sh;
			shellScript = "diff \"${PODS_PODFILE_DIR_PATH}/Podfile.lock\" \"${PODS_ROOT}/Manifest.lock\" > /dev/null\nif [ $? != 0 ] ; then\n    # print error to STDERR\n    echo \"error: The sandbox is not in sync with the Podfile.lock. Run 'pod install' or update your CocoaPods installation.\" >&2\n    exit 1\nfi\n";
			showEnvVarsInLog = 0;
		};
/* End PBXShellScriptBuildPhase section */

/* Begin PBXSourcesBuildPhase section */
		544BC5171F3AAB040030E4D1 /* Sources */ = {
			isa = PBXSourcesBuildPhase;
			buildActionMask = 2147483647;
			files = (
				54EAF8CD1F412BE100C1AB99 /* ChatLogController.swift in Sources */,
				8C7A47491F7E07FF0017025F /* ChatInputContainerView.swift in Sources */,
				544BC5211F3AAB040030E4D1 /* MessagesController.swift in Sources */,
				54199F4B1F3B02A6003EE021 /* LoginController.swift in Sources */,
				54EAF8CF1F43339C00C1AB99 /* Message.swift in Sources */,
				54EAF8CB1F3D9D8500C1AB99 /* Extension.swift in Sources */,
				547AF5381F3C97730080A419 /* LoginController+handlers.swift in Sources */,
				54B83EEA1F3C458500E05BB2 /* NewMessageController.swift in Sources */,
				54CB7AD61F52AD77003F6545 /* ChatMessageCell.swift in Sources */,
				547AF5361F3C4CD10080A419 /* User.swift in Sources */,
				547453DC1F48388200C3365E /* UserCell.swift in Sources */,
				544BC51F1F3AAB040030E4D1 /* AppDelegate.swift in Sources */,
			);
			runOnlyForDeploymentPostprocessing = 0;
		};
/* End PBXSourcesBuildPhase section */

/* Begin PBXVariantGroup section */
		544BC5221F3AAB040030E4D1 /* Main.storyboard */ = {
			isa = PBXVariantGroup;
			children = (
				544BC5231F3AAB040030E4D1 /* Base */,
			);
			name = Main.storyboard;
			sourceTree = "<group>";
		};
		544BC5271F3AAB040030E4D1 /* LaunchScreen.storyboard */ = {
			isa = PBXVariantGroup;
			children = (
				544BC5281F3AAB040030E4D1 /* Base */,
			);
			name = LaunchScreen.storyboard;
			sourceTree = "<group>";
		};
/* End PBXVariantGroup section */

/* Begin XCBuildConfiguration section */
		544BC52B1F3AAB040030E4D1 /* Debug */ = {
			isa = XCBuildConfiguration;
			buildSettings = {
				ALWAYS_SEARCH_USER_PATHS = NO;
				CLANG_ANALYZER_NONNULL = YES;
				CLANG_ANALYZER_NUMBER_OBJECT_CONVERSION = YES_AGGRESSIVE;
				CLANG_CXX_LANGUAGE_STANDARD = "gnu++0x";
				CLANG_CXX_LIBRARY = "libc++";
				CLANG_ENABLE_MODULES = YES;
				CLANG_ENABLE_OBJC_ARC = YES;
				CLANG_WARN_BOOL_CONVERSION = YES;
				CLANG_WARN_CONSTANT_CONVERSION = YES;
				CLANG_WARN_DIRECT_OBJC_ISA_USAGE = YES_ERROR;
				CLANG_WARN_DOCUMENTATION_COMMENTS = YES;
				CLANG_WARN_EMPTY_BODY = YES;
				CLANG_WARN_ENUM_CONVERSION = YES;
				CLANG_WARN_INFINITE_RECURSION = YES;
				CLANG_WARN_INT_CONVERSION = YES;
				CLANG_WARN_OBJC_ROOT_CLASS = YES_ERROR;
				CLANG_WARN_SUSPICIOUS_MOVE = YES;
				CLANG_WARN_UNREACHABLE_CODE = YES;
				CLANG_WARN__DUPLICATE_METHOD_MATCH = YES;
				"CODE_SIGN_IDENTITY[sdk=iphoneos*]" = "iPhone Developer";
				COPY_PHASE_STRIP = NO;
				DEBUG_INFORMATION_FORMAT = dwarf;
				ENABLE_STRICT_OBJC_MSGSEND = YES;
				ENABLE_TESTABILITY = YES;
				GCC_C_LANGUAGE_STANDARD = gnu99;
				GCC_DYNAMIC_NO_PIC = NO;
				GCC_NO_COMMON_BLOCKS = YES;
				GCC_OPTIMIZATION_LEVEL = 0;
				GCC_PREPROCESSOR_DEFINITIONS = (
					"DEBUG=1",
					"$(inherited)",
				);
				GCC_WARN_64_TO_32_BIT_CONVERSION = YES;
				GCC_WARN_ABOUT_RETURN_TYPE = YES_ERROR;
				GCC_WARN_UNDECLARED_SELECTOR = YES;
				GCC_WARN_UNINITIALIZED_AUTOS = YES_AGGRESSIVE;
				GCC_WARN_UNUSED_FUNCTION = YES;
				GCC_WARN_UNUSED_VARIABLE = YES;
				IPHONEOS_DEPLOYMENT_TARGET = 10.3;
				MTL_ENABLE_DEBUG_INFO = YES;
				ONLY_ACTIVE_ARCH = YES;
				SDKROOT = iphoneos;
				SWIFT_ACTIVE_COMPILATION_CONDITIONS = DEBUG;
				SWIFT_OPTIMIZATION_LEVEL = "-Onone";
				TARGETED_DEVICE_FAMILY = "1,2";
			};
			name = Debug;
		};
		544BC52C1F3AAB040030E4D1 /* Release */ = {
			isa = XCBuildConfiguration;
			buildSettings = {
				ALWAYS_SEARCH_USER_PATHS = NO;
				CLANG_ANALYZER_NONNULL = YES;
				CLANG_ANALYZER_NUMBER_OBJECT_CONVERSION = YES_AGGRESSIVE;
				CLANG_CXX_LANGUAGE_STANDARD = "gnu++0x";
				CLANG_CXX_LIBRARY = "libc++";
				CLANG_ENABLE_MODULES = YES;
				CLANG_ENABLE_OBJC_ARC = YES;
				CLANG_WARN_BOOL_CONVERSION = YES;
				CLANG_WARN_CONSTANT_CONVERSION = YES;
				CLANG_WARN_DIRECT_OBJC_ISA_USAGE = YES_ERROR;
				CLANG_WARN_DOCUMENTATION_COMMENTS = YES;
				CLANG_WARN_EMPTY_BODY = YES;
				CLANG_WARN_ENUM_CONVERSION = YES;
				CLANG_WARN_INFINITE_RECURSION = YES;
				CLANG_WARN_INT_CONVERSION = YES;
				CLANG_WARN_OBJC_ROOT_CLASS = YES_ERROR;
				CLANG_WARN_SUSPICIOUS_MOVE = YES;
				CLANG_WARN_UNREACHABLE_CODE = YES;
				CLANG_WARN__DUPLICATE_METHOD_MATCH = YES;
				"CODE_SIGN_IDENTITY[sdk=iphoneos*]" = "iPhone Developer";
				COPY_PHASE_STRIP = NO;
				DEBUG_INFORMATION_FORMAT = "dwarf-with-dsym";
				ENABLE_NS_ASSERTIONS = NO;
				ENABLE_STRICT_OBJC_MSGSEND = YES;
				GCC_C_LANGUAGE_STANDARD = gnu99;
				GCC_NO_COMMON_BLOCKS = YES;
				GCC_WARN_64_TO_32_BIT_CONVERSION = YES;
				GCC_WARN_ABOUT_RETURN_TYPE = YES_ERROR;
				GCC_WARN_UNDECLARED_SELECTOR = YES;
				GCC_WARN_UNINITIALIZED_AUTOS = YES_AGGRESSIVE;
				GCC_WARN_UNUSED_FUNCTION = YES;
				GCC_WARN_UNUSED_VARIABLE = YES;
				IPHONEOS_DEPLOYMENT_TARGET = 10.3;
				MTL_ENABLE_DEBUG_INFO = NO;
				SDKROOT = iphoneos;
				SWIFT_OPTIMIZATION_LEVEL = "-Owholemodule";
				TARGETED_DEVICE_FAMILY = "1,2";
				VALIDATE_PRODUCT = YES;
			};
			name = Release;
		};
		544BC52E1F3AAB040030E4D1 /* Debug */ = {
			isa = XCBuildConfiguration;
			baseConfigurationReference = 5FCD90E14DFC2C69B53771E1 /* Pods-InstantChat.debug.xcconfig */;
			buildSettings = {
				ASSETCATALOG_COMPILER_APPICON_NAME = AppIcon;
				DEVELOPMENT_TEAM = 88JGBRLZ4C;
				INFOPLIST_FILE = InstantChat/Info.plist;
				LD_RUNPATH_SEARCH_PATHS = "$(inherited) @executable_path/Frameworks";
				PRODUCT_BUNDLE_IDENTIFIER = Aus.YuSUN.Shawn.InstantChat;
				PRODUCT_NAME = "$(TARGET_NAME)";
				SWIFT_VERSION = 3.0;
			};
			name = Debug;
		};
		544BC52F1F3AAB040030E4D1 /* Release */ = {
			isa = XCBuildConfiguration;
			baseConfigurationReference = 005B8A18945E7E670C75A308 /* Pods-InstantChat.release.xcconfig */;
			buildSettings = {
				ASSETCATALOG_COMPILER_APPICON_NAME = AppIcon;
				DEVELOPMENT_TEAM = 88JGBRLZ4C;
				INFOPLIST_FILE = InstantChat/Info.plist;
				LD_RUNPATH_SEARCH_PATHS = "$(inherited) @executable_path/Frameworks";
				PRODUCT_BUNDLE_IDENTIFIER = Aus.YuSUN.Shawn.InstantChat;
				PRODUCT_NAME = "$(TARGET_NAME)";
				SWIFT_VERSION = 3.0;
			};
			name = Release;
		};
/* End XCBuildConfiguration section */

/* Begin XCConfigurationList section */
		544BC5161F3AAB040030E4D1 /* Build configuration list for PBXProject "InstantChat" */ = {
			isa = XCConfigurationList;
			buildConfigurations = (
				544BC52B1F3AAB040030E4D1 /* Debug */,
				544BC52C1F3AAB040030E4D1 /* Release */,
			);
			defaultConfigurationIsVisible = 0;
			defaultConfigurationName = Release;
		};
		544BC52D1F3AAB040030E4D1 /* Build configuration list for PBXNativeTarget "InstantChat" */ = {
			isa = XCConfigurationList;
			buildConfigurations = (
				544BC52E1F3AAB040030E4D1 /* Debug */,
				544BC52F1F3AAB040030E4D1 /* Release */,
			);
			defaultConfigurationIsVisible = 0;
			defaultConfigurationName = Release;
		};
/* End XCConfigurationList section */
	};
	rootObject = 544BC5131F3AAB040030E4D1 /* Project object */;
}
